dependencies:
  chmorgan/esp-libhelix-mp3:
    component_hash: cbb76089dc2c5749f7b470e2e70aedc44c9da519e04eb9a67d4c7ec275229e53
    dependencies:
    - name: idf
      require: private
      version: '>=4.1.0'
    source:
      registry_url: https://components.espressif.com/
      type: service
    version: 1.0.3
  espressif/mqtt:
    component_hash: fb18bc3b65aa8c94693a9811ffc322cca8a65d92d5ec84983d3e385080e3969c
    dependencies:
    - name: idf
      require: private
      version: '>=5.3'
    source:
      registry_url: https://components.espressif.com/
      type: service
    version: 1.1.0
  idf:
    source:
      type: idf
    version: 6.0.2
direct_dependencies:
- chmorgan/esp-libhelix-mp3
- espressif/mqtt
- idf
manifest_hash: 3d74663fa439d3e700a15070441c4b81e8420c3a26c9082abf10f01635ecf962
target: esp32
version: 3.0.0
